
Microsoft Visual Studio Solution File, Format Version 12.00
# Visual Studio 15
VisualStudioVersion = 15.0.28307.572
MinimumVisualStudioVersion = 10.0.40219.1
Project("{FAE04EC0-301F-11D3-BF4B-00C04F79EFBC}") = "RonSwanson_Quotes", "RonSwanson_Quotes\RonSwanson_Quotes.csproj", "{AEEB3D17-5B93-4FF7-B020-1427259A13CB}"
EndProject
Global
	GlobalSection(SolutionConfigurationPlatforms) = preSolution
		Debug|Any CPU = Debug|Any CPU
		Release|Any CPU = Release|Any CPU
	EndGlobalSection
	GlobalSection(ProjectConfigurationPlatforms) = postSolution
		{AEEB3D17-5B93-4FF7-B020-1427259A13CB}.Debug|Any CPU.ActiveCfg = Debug|Any CPU
		{AEEB3D17-5B93-4FF7-B020-1427259A13CB}.Debug|Any CPU.Build.0 = Debug|Any CPU
		{AEEB3D17-5B93-4FF7-B020-1427259A13CB}.Release|Any CPU.ActiveCfg = Release|Any CPU
		{AEEB3D17-5B93-4FF7-B020-1427259A13CB}.Release|Any CPU.Build.0 = Release|Any CPU
	EndGlobalSection
	GlobalSection(SolutionProperties) = preSolution
		HideSolutionNode = FALSE
	EndGlobalSection
	GlobalSection(ExtensibilityGlobals) = postSolution
		SolutionGuid = {606A62DA-187F-430F-A099-B6CB0AB5D00C}
	EndGlobalSection
EndGlobal
